// !$*UTF8*$!
{
	archiveVersion = 1;
	classes = {
	};
	objectVersion = 51;
	objects = {

/* Begin PBXBuildFile section */
		8447F9C025F8C1B900AF1731 /* AppDelegate.swift in Sources */ = {isa = PBXBuildFile; fileRef = 8447F9BF25F8C1B900AF1731 /* AppDelegate.swift */; };
		8447F9C225F8C1B900AF1731 /* SceneDelegate.swift in Sources */ = {isa = PBXBuildFile; fileRef = 8447F9C125F8C1B900AF1731 /* SceneDelegate.swift */; };
		8447F9C425F8C1B900AF1731 /* SearchViewController.swift in Sources */ = {isa = PBXBuildFile; fileRef = 8447F9C325F8C1B900AF1731 /* SearchViewController.swift */; };
		8447F9C725F8C1B900AF1731 /* Main.storyboard in Resources */ = {isa = PBXBuildFile; fileRef = 8447F9C525F8C1B900AF1731 /* Main.storyboard */; };
		8447F9C925F8C1BE00AF1731 /* Assets.xcassets in Resources */ = {isa = PBXBuildFile; fileRef = 8447F9C825F8C1BE00AF1731 /* Assets.xcassets */; };
		8447F9CC25F8C1BE00AF1731 /* LaunchScreen.storyboard in Resources */ = {isa = PBXBuildFile; fileRef = 8447F9CA25F8C1BE00AF1731 /* LaunchScreen.storyboard */; };
		84F3711D25F8CD920061C05C /* FavoriteViewController.swift in Sources */ = {isa = PBXBuildFile; fileRef = 84F3711C25F8CD920061C05C /* FavoriteViewController.swift */; };
		84F3712025F8D0EC0061C05C /* Game.swift in Sources */ = {isa = PBXBuildFile; fileRef = 84F3711F25F8D0EC0061C05C /* Game.swift */; };
		84F3712225F8D21A0061C05C /* GameData.swift in Sources */ = {isa = PBXBuildFile; fileRef = 84F3712125F8D21A0061C05C /* GameData.swift */; };
		84F3712525F954BA0061C05C /* API.swift in Sources */ = {isa = PBXBuildFile; fileRef = 84F3712425F954BA0061C05C /* API.swift */; };
		84F3712725F958EC0061C05C /* Genre.swift in Sources */ = {isa = PBXBuildFile; fileRef = 84F3712625F958EC0061C05C /* Genre.swift */; };
		84F3712925F95AEC0061C05C /* NetworkManager.swift in Sources */ = {isa = PBXBuildFile; fileRef = 84F3712825F95AEC0061C05C /* NetworkManager.swift */; };
		84F3712C25F95B5F0061C05C /* Networkable.swift in Sources */ = {isa = PBXBuildFile; fileRef = 84F3712B25F95B5F0061C05C /* Networkable.swift */; };
		84F3712E25F95E140061C05C /* Keys.swift in Sources */ = {isa = PBXBuildFile; fileRef = 84F3712D25F95E140061C05C /* Keys.swift */; };
		84F3713025F960500061C05C /* GameTableViewCell.swift in Sources */ = {isa = PBXBuildFile; fileRef = 84F3712F25F960500061C05C /* GameTableViewCell.swift */; };
		84F3713325F961570061C05C /* ImageView + KF.swift in Sources */ = {isa = PBXBuildFile; fileRef = 84F3713225F961570061C05C /* ImageView + KF.swift */; };
		84F3713525FA9D700061C05C /* DetailViewController.swift in Sources */ = {isa = PBXBuildFile; fileRef = 84F3713425FA9D700061C05C /* DetailViewController.swift */; };
		84F3713725FA9DF20061C05C /* UIButton.swift in Sources */ = {isa = PBXBuildFile; fileRef = 84F3713625FA9DF20061C05C /* UIButton.swift */; };
		84F3713925FAA1270061C05C /* GameDetail.swift in Sources */ = {isa = PBXBuildFile; fileRef = 84F3713825FAA1270061C05C /* GameDetail.swift */; };
		92E67C03D2B9BBB5A0DB239D /* Pods_GamesDB.framework in Frameworks */ = {isa = PBXBuildFile; fileRef = 859ACAC087840BFBBC2FA9B2 /* Pods_GamesDB.framework */; };
/* End PBXBuildFile section */

/* Begin PBXFileReference section */
		4FA38B81F1B5B37151EBE0FD /* Pods-GamesDB.release.xcconfig */ = {isa = PBXFileReference; includeInIndex = 1; lastKnownFileType = text.xcconfig; name = "Pods-GamesDB.release.xcconfig"; path = "Target Support Files/Pods-GamesDB/Pods-GamesDB.release.xcconfig"; sourceTree = "<group>"; };
		8447F9BC25F8C1B900AF1731 /* GamesDB.app */ = {isa = PBXFileReference; explicitFileType = wrapper.application; includeInIndex = 0; path = GamesDB.app; sourceTree = BUILT_PRODUCTS_DIR; };
		8447F9BF25F8C1B900AF1731 /* AppDelegate.swift */ = {isa = PBXFileReference; lastKnownFileType = sourcecode.swift; path = AppDelegate.swift; sourceTree = "<group>"; };
		8447F9C125F8C1B900AF1731 /* SceneDelegate.swift */ = {isa = PBXFileReference; lastKnownFileType = sourcecode.swift; path = SceneDelegate.swift; sourceTree = "<group>"; };
		8447F9C325F8C1B900AF1731 /* SearchViewController.swift */ = {isa = PBXFileReference; lastKnownFileType = sourcecode.swift; path = SearchViewController.swift; sourceTree = "<group>"; };
		8447F9C625F8C1B900AF1731 /* Base */ = {isa = PBXFileReference; lastKnownFileType = file.storyboard; name = Base; path = Base.lproj/Main.storyboard; sourceTree = "<group>"; };
		8447F9C825F8C1BE00AF1731 /* Assets.xcassets */ = {isa = PBXFileReference; lastKnownFileType = folder.assetcatalog; path = Assets.xcassets; sourceTree = "<group>"; };
		8447F9CB25F8C1BE00AF1731 /* Base */ = {isa = PBXFileReference; lastKnownFileType = file.storyboard; name = Base; path = Base.lproj/LaunchScreen.storyboard; sourceTree = "<group>"; };
		8447F9CD25F8C1BE00AF1731 /* Info.plist */ = {isa = PBXFileReference; lastKnownFileType = text.plist.xml; path = Info.plist; sourceTree = "<group>"; };
		84F3711C25F8CD920061C05C /* FavoriteViewController.swift */ = {isa = PBXFileReference; lastKnownFileType = sourcecode.swift; path = FavoriteViewController.swift; sourceTree = "<group>"; };
		84F3711F25F8D0EC0061C05C /* Game.swift */ = {isa = PBXFileReference; lastKnownFileType = sourcecode.swift; path = Game.swift; sourceTree = "<group>"; };
		84F3712125F8D21A0061C05C /* GameData.swift */ = {isa = PBXFileReference; lastKnownFileType = sourcecode.swift; path = GameData.swift; sourceTree = "<group>"; };
		84F3712425F954BA0061C05C /* API.swift */ = {isa = PBXFileReference; lastKnownFileType = sourcecode.swift; path = API.swift; sourceTree = "<group>"; };
		84F3712625F958EC0061C05C /* Genre.swift */ = {isa = PBXFileReference; lastKnownFileType = sourcecode.swift; path = Genre.swift; sourceTree = "<group>"; };
		84F3712825F95AEC0061C05C /* NetworkManager.swift */ = {isa = PBXFileReference; lastKnownFileType = sourcecode.swift; path = NetworkManager.swift; sourceTree = "<group>"; };
		84F3712B25F95B5F0061C05C /* Networkable.swift */ = {isa = PBXFileReference; lastKnownFileType = sourcecode.swift; path = Networkable.swift; sourceTree = "<group>"; };
		84F3712D25F95E140061C05C /* Keys.swift */ = {isa = PBXFileReference; lastKnownFileType = sourcecode.swift; path = Keys.swift; sourceTree = "<group>"; };
		84F3712F25F960500061C05C /* GameTableViewCell.swift */ = {isa = PBXFileReference; lastKnownFileType = sourcecode.swift; path = GameTableViewCell.swift; sourceTree = "<group>"; };
		84F3713225F961570061C05C /* ImageView + KF.swift */ = {isa = PBXFileReference; lastKnownFileType = sourcecode.swift; path = "ImageView + KF.swift"; sourceTree = "<group>"; };
		84F3713425FA9D700061C05C /* DetailViewController.swift */ = {isa = PBXFileReference; lastKnownFileType = sourcecode.swift; path = DetailViewController.swift; sourceTree = "<group>"; };
		84F3713625FA9DF20061C05C /* UIButton.swift */ = {isa = PBXFileReference; lastKnownFileType = sourcecode.swift; path = UIButton.swift; sourceTree = "<group>"; };
		84F3713825FAA1270061C05C /* GameDetail.swift */ = {isa = PBXFileReference; lastKnownFileType = sourcecode.swift; path = GameDetail.swift; sourceTree = "<group>"; };
		859ACAC087840BFBBC2FA9B2 /* Pods_GamesDB.framework */ = {isa = PBXFileReference; explicitFileType = wrapper.framework; includeInIndex = 0; path = Pods_GamesDB.framework; sourceTree = BUILT_PRODUCTS_DIR; };
		92AC89B66BDD8D718DEE470F /* Pods-GamesDB.debug.xcconfig */ = {isa = PBXFileReference; includeInIndex = 1; lastKnownFileType = text.xcconfig; name = "Pods-GamesDB.debug.xcconfig"; path = "Target Support Files/Pods-GamesDB/Pods-GamesDB.debug.xcconfig"; sourceTree = "<group>"; };
/* End PBXFileReference section */

/* Begin PBXFrameworksBuildPhase section */
		8447F9B925F8C1B900AF1731 /* Frameworks */ = {
			isa = PBXFrameworksBuildPhase;
			buildActionMask = 2147483647;
			files = (
				92E67C03D2B9BBB5A0DB239D /* Pods_GamesDB.framework in Frameworks */,
			);
			runOnlyForDeploymentPostprocessing = 0;
		};
/* End PBXFrameworksBuildPhase section */

/* Begin PBXGroup section */
		7A7EC09F71041AF5CEB6C4A3 /* Pods */ = {
			isa = PBXGroup;
			children = (
				92AC89B66BDD8D718DEE470F /* Pods-GamesDB.debug.xcconfig */,
				4FA38B81F1B5B37151EBE0FD /* Pods-GamesDB.release.xcconfig */,
			);
			path = Pods;
			sourceTree = "<group>";
		};
		8447F9B325F8C1B900AF1731 = {
			isa = PBXGroup;
			children = (
				8447F9BE25F8C1B900AF1731 /* GamesDB */,
				8447F9BD25F8C1B900AF1731 /* Products */,
				7A7EC09F71041AF5CEB6C4A3 /* Pods */,
				E6DC833A12F02AAF55B06B00 /* Frameworks */,
			);
			sourceTree = "<group>";
		};
		8447F9BD25F8C1B900AF1731 /* Products */ = {
			isa = PBXGroup;
			children = (
				8447F9BC25F8C1B900AF1731 /* GamesDB.app */,
			);
			name = Products;
			sourceTree = "<group>";
		};
		8447F9BE25F8C1B900AF1731 /* GamesDB */ = {
			isa = PBXGroup;
			children = (
				84F3713125F961380061C05C /* Extensions */,
				8451016425F8C341001E13C4 /* App */,
				84F3712A25F95B510061C05C /* Protocols */,
				84F3712325F954A60061C05C /* Network */,
				84F3711E25F8CDD20061C05C /* Model */,
				8451016125F8C313001E13C4 /* Controller */,
				8451016225F8C31F001E13C4 /* View */,
				8451016325F8C330001E13C4 /* Supporting Files */,
				8447F9CD25F8C1BE00AF1731 /* Info.plist */,
			);
			path = GamesDB;
			sourceTree = "<group>";
		};
		8451016125F8C313001E13C4 /* Controller */ = {
			isa = PBXGroup;
			children = (
				8447F9C325F8C1B900AF1731 /* SearchViewController.swift */,
				84F3713425FA9D700061C05C /* DetailViewController.swift */,
				84F3712F25F960500061C05C /* GameTableViewCell.swift */,
				84F3711C25F8CD920061C05C /* FavoriteViewController.swift */,
			);
			path = Controller;
			sourceTree = "<group>";
		};
		8451016225F8C31F001E13C4 /* View */ = {
			isa = PBXGroup;
			children = (
				8447F9C525F8C1B900AF1731 /* Main.storyboard */,
				8447F9CA25F8C1BE00AF1731 /* LaunchScreen.storyboard */,
			);
			path = View;
			sourceTree = "<group>";
		};
		8451016325F8C330001E13C4 /* Supporting Files */ = {
			isa = PBXGroup;
			children = (
				8447F9C825F8C1BE00AF1731 /* Assets.xcassets */,
			);
			path = "Supporting Files";
			sourceTree = "<group>";
		};
		8451016425F8C341001E13C4 /* App */ = {
			isa = PBXGroup;
			children = (
				8447F9BF25F8C1B900AF1731 /* AppDelegate.swift */,
				8447F9C125F8C1B900AF1731 /* SceneDelegate.swift */,
			);
			path = App;
			sourceTree = "<group>";
		};
		84F3711E25F8CDD20061C05C /* Model */ = {
			isa = PBXGroup;
			children = (
				84F3711F25F8D0EC0061C05C /* Game.swift */,
				84F3713825FAA1270061C05C /* GameDetail.swift */,
				84F3712125F8D21A0061C05C /* GameData.swift */,
				84F3712625F958EC0061C05C /* Genre.swift */,
			);
			path = Model;
			sourceTree = "<group>";
		};
		84F3712325F954A60061C05C /* Network */ = {
			isa = PBXGroup;
			children = (
				84F3712425F954BA0061C05C /* API.swift */,
				84F3712825F95AEC0061C05C /* NetworkManager.swift */,
				84F3712D25F95E140061C05C /* Keys.swift */,
			);
			path = Network;
			sourceTree = "<group>";
		};
		84F3712A25F95B510061C05C /* Protocols */ = {
			isa = PBXGroup;
			children = (
				84F3712B25F95B5F0061C05C /* Networkable.swift */,
			);
			path = Protocols;
			sourceTree = "<group>";
		};
		84F3713125F961380061C05C /* Extensions */ = {
			isa = PBXGroup;
			children = (
				84F3713225F961570061C05C /* ImageView + KF.swift */,
				84F3713625FA9DF20061C05C /* UIButton.swift */,
			);
			path = Extensions;
			sourceTree = "<group>";
		};
		E6DC833A12F02AAF55B06B00 /* Frameworks */ = {
			isa = PBXGroup;
			children = (
				859ACAC087840BFBBC2FA9B2 /* Pods_GamesDB.framework */,
			);
			name = Frameworks;
			sourceTree = "<group>";
		};
/* End PBXGroup section */

/* Begin PBXNativeTarget section */
		8447F9BB25F8C1B900AF1731 /* GamesDB */ = {
			isa = PBXNativeTarget;
			buildConfigurationList = 8447F9D025F8C1BE00AF1731 /* Build configuration list for PBXNativeTarget "GamesDB" */;
			buildPhases = (
				E91781E7855CB56BF128FAA2 /* [CP] Check Pods Manifest.lock */,
				8447F9B825F8C1B900AF1731 /* Sources */,
				8447F9B925F8C1B900AF1731 /* Frameworks */,
				8447F9BA25F8C1B900AF1731 /* Resources */,
				77868D3C57E284C95DE8A434 /* [CP] Embed Pods Frameworks */,
			);
			buildRules = (
			);
			dependencies = (
			);
			name = GamesDB;
			productName = GamesDB;
			productReference = 8447F9BC25F8C1B900AF1731 /* GamesDB.app */;
			productType = "com.apple.product-type.application";
		};
/* End PBXNativeTarget section */

/* Begin PBXProject section */
		8447F9B425F8C1B900AF1731 /* Project object */ = {
			isa = PBXProject;
			attributes = {
				LastSwiftUpdateCheck = 1170;
				LastUpgradeCheck = 1170;
				ORGANIZATIONNAME = esaygiver;
				TargetAttributes = {
					8447F9BB25F8C1B900AF1731 = {
						CreatedOnToolsVersion = 11.7;
					};
				};
			};
			buildConfigurationList = 8447F9B725F8C1B900AF1731 /* Build configuration list for PBXProject "GamesDB" */;
			compatibilityVersion = "Xcode 9.3";
			developmentRegion = en;
			hasScannedForEncodings = 0;
			knownRegions = (
				en,
				Base,
			);
			mainGroup = 8447F9B325F8C1B900AF1731;
			productRefGroup = 8447F9BD25F8C1B900AF1731 /* Products */;
			projectDirPath = "";
			projectRoot = "";
			targets = (
				8447F9BB25F8C1B900AF1731 /* GamesDB */,
			);
		};
/* End PBXProject section */

/* Begin PBXResourcesBuildPhase section */
		8447F9BA25F8C1B900AF1731 /* Resources */ = {
			isa = PBXResourcesBuildPhase;
			buildActionMask = 2147483647;
			files = (
				8447F9CC25F8C1BE00AF1731 /* LaunchScreen.storyboard in Resources */,
				8447F9C925F8C1BE00AF1731 /* Assets.xcassets in Resources */,
				8447F9C725F8C1B900AF1731 /* Main.storyboard in Resources */,
			);
			runOnlyForDeploymentPostprocessing = 0;
		};
/* End PBXResourcesBuildPhase section */

/* Begin PBXShellScriptBuildPhase section */
		77868D3C57E284C95DE8A434 /* [CP] Embed Pods Frameworks */ = {
			isa = PBXShellScriptBuildPhase;
			buildActionMask = 2147483647;
			files = (
			);
			inputFileListPaths = (
				"${PODS_ROOT}/Target Support Files/Pods-GamesDB/Pods-GamesDB-frameworks-${CONFIGURATION}-input-files.xcfilelist",
			);
			name = "[CP] Embed Pods Frameworks";
			outputFileListPaths = (
				"${PODS_ROOT}/Target Support Files/Pods-GamesDB/Pods-GamesDB-frameworks-${CONFIGURATION}-output-files.xcfilelist",
			);
			runOnlyForDeploymentPostprocessing = 0;
			shellPath = /bin/sh;
			shellScript = "\"${PODS_ROOT}/Target Support Files/Pods-GamesDB/Pods-GamesDB-frameworks.sh\"\n";
			showEnvVarsInLog = 0;
		};
		E91781E7855CB56BF128FAA2 /* [CP] Check Pods Manifest.lock */ = {
			isa = PBXShellScriptBuildPhase;
			buildActionMask = 2147483647;
			files = (
			);
			inputFileListPaths = (
			);
			inputPaths = (
				"${PODS_PODFILE_DIR_PATH}/Podfile.lock",
				"${PODS_ROOT}/Manifest.lock",
			);
			name = "[CP] Check Pods Manifest.lock";
			outputFileListPaths = (
			);
			outputPaths = (
				"$(DERIVED_FILE_DIR)/Pods-GamesDB-checkManifestLockResult.txt",
			);
			runOnlyForDeploymentPostprocessing = 0;
			shellPath = /bin/sh;
			shellScript = "diff \"${PODS_PODFILE_DIR_PATH}/Podfile.lock\" \"${PODS_ROOT}/Manifest.lock\" > /dev/null\nif [ $? != 0 ] ; then\n    # print error to STDERR\n    echo \"error: The sandbox is not in sync with the Podfile.lock. Run 'pod install' or update your CocoaPods installation.\" >&2\n    exit 1\nfi\n# This output is used by Xcode 'outputs' to avoid re-running this script phase.\necho \"SUCCESS\" > \"${SCRIPT_OUTPUT_FILE_0}\"\n";
			showEnvVarsInLog = 0;
		};
/* End PBXShellScriptBuildPhase section */

/* Begin PBXSourcesBuildPhase section */
		8447F9B825F8C1B900AF1731 /* Sources */ = {
			isa = PBXSourcesBuildPhase;
			buildActionMask = 2147483647;
			files = (
				84F3712925F95AEC0061C05C /* NetworkManager.swift in Sources */,
				8447F9C425F8C1B900AF1731 /* SearchViewController.swift in Sources */,
				84F3712225F8D21A0061C05C /* GameData.swift in Sources */,
				84F3712025F8D0EC0061C05C /* Game.swift in Sources */,
				84F3712E25F95E140061C05C /* Keys.swift in Sources */,
				84F3713725FA9DF20061C05C /* UIButton.swift in Sources */,
				8447F9C025F8C1B900AF1731 /* AppDelegate.swift in Sources */,
				84F3711D25F8CD920061C05C /* FavoriteViewController.swift in Sources */,
				84F3713925FAA1270061C05C /* GameDetail.swift in Sources */,
				84F3713325F961570061C05C /* ImageView + KF.swift in Sources */,
				8447F9C225F8C1B900AF1731 /* SceneDelegate.swift in Sources */,
				84F3712525F954BA0061C05C /* API.swift in Sources */,
				84F3712C25F95B5F0061C05C /* Networkable.swift in Sources */,
				84F3712725F958EC0061C05C /* Genre.swift in Sources */,
				84F3713025F960500061C05C /* GameTableViewCell.swift in Sources */,
				84F3713525FA9D700061C05C /* DetailViewController.swift in Sources */,
			);
			runOnlyForDeploymentPostprocessing = 0;
		};
/* End PBXSourcesBuildPhase section */

/* Begin PBXVariantGroup section */
		8447F9C525F8C1B900AF1731 /* Main.storyboard */ = {
			isa = PBXVariantGroup;
			children = (
				8447F9C625F8C1B900AF1731 /* Base */,
			);
			name = Main.storyboard;
			sourceTree = "<group>";
		};
		8447F9CA25F8C1BE00AF1731 /* LaunchScreen.storyboard */ = {
			isa = PBXVariantGroup;
			children = (
				8447F9CB25F8C1BE00AF1731 /* Base */,
			);
			name = LaunchScreen.storyboard;
			sourceTree = "<group>";
		};
/* End PBXVariantGroup section */

/* Begin XCBuildConfiguration section */
		8447F9CE25F8C1BE00AF1731 /* Debug */ = {
			isa = XCBuildConfiguration;
			buildSettings = {
				ALWAYS_SEARCH_USER_PATHS = NO;
				CLANG_ANALYZER_NONNULL = YES;
				CLANG_ANALYZER_NUMBER_OBJECT_CONVERSION = YES_AGGRESSIVE;
				CLANG_CXX_LANGUAGE_STANDARD = "gnu++14";
				CLANG_CXX_LIBRARY = "libc++";
				CLANG_ENABLE_MODULES = YES;
				CLANG_ENABLE_OBJC_ARC = YES;
				CLANG_ENABLE_OBJC_WEAK = YES;
				CLANG_WARN_BLOCK_CAPTURE_AUTORELEASING = YES;
				CLANG_WARN_BOOL_CONVERSION = YES;
				CLANG_WARN_COMMA = YES;
				CLANG_WARN_CONSTANT_CONVERSION = YES;
				CLANG_WARN_DEPRECATED_OBJC_IMPLEMENTATIONS = YES;
				CLANG_WARN_DIRECT_OBJC_ISA_USAGE = YES_ERROR;
				CLANG_WARN_DOCUMENTATION_COMMENTS = YES;
				CLANG_WARN_EMPTY_BODY = YES;
				CLANG_WARN_ENUM_CONVERSION = YES;
				CLANG_WARN_INFINITE_RECURSION = YES;
				CLANG_WARN_INT_CONVERSION = YES;
				CLANG_WARN_NON_LITERAL_NULL_CONVERSION = YES;
				CLANG_WARN_OBJC_IMPLICIT_RETAIN_SELF = YES;
				CLANG_WARN_OBJC_LITERAL_CONVERSION = YES;
				CLANG_WARN_OBJC_ROOT_CLASS = YES_ERROR;
				CLANG_WARN_RANGE_LOOP_ANALYSIS = YES;
				CLANG_WARN_STRICT_PROTOTYPES = YES;
				CLANG_WARN_SUSPICIOUS_MOVE = YES;
				CLANG_WARN_UNGUARDED_AVAILABILITY = YES_AGGRESSIVE;
				CLANG_WARN_UNREACHABLE_CODE = YES;
				CLANG_WARN__DUPLICATE_METHOD_MATCH = YES;
				COPY_PHASE_STRIP = NO;
				DEBUG_INFORMATION_FORMAT = dwarf;
				ENABLE_STRICT_OBJC_MSGSEND = YES;
				ENABLE_TESTABILITY = YES;
				GCC_C_LANGUAGE_STANDARD = gnu11;
				GCC_DYNAMIC_NO_PIC = NO;
				GCC_NO_COMMON_BLOCKS = YES;
				GCC_OPTIMIZATION_LEVEL = 0;
				GCC_PREPROCESSOR_DEFINITIONS = (
					"DEBUG=1",
					"$(inherited)",
				);
				GCC_WARN_64_TO_32_BIT_CONVERSION = YES;
				GCC_WARN_ABOUT_RETURN_TYPE = YES_ERROR;
				GCC_WARN_UNDECLARED_SELECTOR = YES;
				GCC_WARN_UNINITIALIZED_AUTOS = YES_AGGRESSIVE;
				GCC_WARN_UNUSED_FUNCTION = YES;
				GCC_WARN_UNUSED_VARIABLE = YES;
				IPHONEOS_DEPLOYMENT_TARGET = 13.7;
				MTL_ENABLE_DEBUG_INFO = INCLUDE_SOURCE;
				MTL_FAST_MATH = YES;
				ONLY_ACTIVE_ARCH = YES;
				SDKROOT = iphoneos;
				SWIFT_ACTIVE_COMPILATION_CONDITIONS = DEBUG;
				SWIFT_OPTIMIZATION_LEVEL = "-Onone";
			};
			name = Debug;
		};
		8447F9CF25F8C1BE00AF1731 /* Release */ = {
			isa = XCBuildConfiguration;
			buildSettings = {
				ALWAYS_SEARCH_USER_PATHS = NO;
				CLANG_ANALYZER_NONNULL = YES;
				CLANG_ANALYZER_NUMBER_OBJECT_CONVERSION = YES_AGGRESSIVE;
				CLANG_CXX_LANGUAGE_STANDARD = "gnu++14";
				CLANG_CXX_LIBRARY = "libc++";
				CLANG_ENABLE_MODULES = YES;
				CLANG_ENABLE_OBJC_ARC = YES;
				CLANG_ENABLE_OBJC_WEAK = YES;
				CLANG_WARN_BLOCK_CAPTURE_AUTORELEASING = YES;
				CLANG_WARN_BOOL_CONVERSION = YES;
				CLANG_WARN_COMMA = YES;
				CLANG_WARN_CONSTANT_CONVERSION = YES;
				CLANG_WARN_DEPRECATED_OBJC_IMPLEMENTATIONS = YES;
				CLANG_WARN_DIRECT_OBJC_ISA_USAGE = YES_ERROR;
				CLANG_WARN_DOCUMENTATION_COMMENTS = YES;
				CLANG_WARN_EMPTY_BODY = YES;
				CLANG_WARN_ENUM_CONVERSION = YES;
				CLANG_WARN_INFINITE_RECURSION = YES;
				CLANG_WARN_INT_CONVERSION = YES;
				CLANG_WARN_NON_LITERAL_NULL_CONVERSION = YES;
				CLANG_WARN_OBJC_IMPLICIT_RETAIN_SELF = YES;
				CLANG_WARN_OBJC_LITERAL_CONVERSION = YES;
				CLANG_WARN_OBJC_ROOT_CLASS = YES_ERROR;
				CLANG_WARN_RANGE_LOOP_ANALYSIS = YES;
				CLANG_WARN_STRICT_PROTOTYPES = YES;
				CLANG_WARN_SUSPICIOUS_MOVE = YES;
				CLANG_WARN_UNGUARDED_AVAILABILITY = YES_AGGRESSIVE;
				CLANG_WARN_UNREACHABLE_CODE = YES;
				CLANG_WARN__DUPLICATE_METHOD_MATCH = YES;
				COPY_PHASE_STRIP = NO;
				DEBUG_INFORMATION_FORMAT = "dwarf-with-dsym";
				ENABLE_NS_ASSERTIONS = NO;
				ENABLE_STRICT_OBJC_MSGSEND = YES;
				GCC_C_LANGUAGE_STANDARD = gnu11;
				GCC_NO_COMMON_BLOCKS = YES;
				GCC_WARN_64_TO_32_BIT_CONVERSION = YES;
				GCC_WARN_ABOUT_RETURN_TYPE = YES_ERROR;
				GCC_WARN_UNDECLARED_SELECTOR = YES;
				GCC_WARN_UNINITIALIZED_AUTOS = YES_AGGRESSIVE;
				GCC_WARN_UNUSED_FUNCTION = YES;
				GCC_WARN_UNUSED_VARIABLE = YES;
				IPHONEOS_DEPLOYMENT_TARGET = 13.7;
				MTL_ENABLE_DEBUG_INFO = NO;
				MTL_FAST_MATH = YES;
				SDKROOT = iphoneos;
				SWIFT_COMPILATION_MODE = wholemodule;
				SWIFT_OPTIMIZATION_LEVEL = "-O";
				VALIDATE_PRODUCT = YES;
			};
			name = Release;
		};
		8447F9D125F8C1BE00AF1731 /* Debug */ = {
			isa = XCBuildConfiguration;
			baseConfigurationReference = 92AC89B66BDD8D718DEE470F /* Pods-GamesDB.debug.xcconfig */;
			buildSettings = {
				ASSETCATALOG_COMPILER_APPICON_NAME = AppIcon;
				CODE_SIGN_STYLE = Automatic;
				DEVELOPMENT_TEAM = 25N5N47755;
				INFOPLIST_FILE = GamesDB/Info.plist;
				LD_RUNPATH_SEARCH_PATHS = (
					"$(inherited)",
					"@executable_path/Frameworks",
				);
				PRODUCT_BUNDLE_IDENTIFIER = com.Esaygiver.GamesDB;
				PRODUCT_NAME = "$(TARGET_NAME)";
				SWIFT_VERSION = 5.0;
				TARGETED_DEVICE_FAMILY = "1,2";
			};
			name = Debug;
		};
		8447F9D225F8C1BE00AF1731 /* Release */ = {
			isa = XCBuildConfiguration;
			baseConfigurationReference = 4FA38B81F1B5B37151EBE0FD /* Pods-GamesDB.release.xcconfig */;
			buildSettings = {
				ASSETCATALOG_COMPILER_APPICON_NAME = AppIcon;
				CODE_SIGN_STYLE = Automatic;
				DEVELOPMENT_TEAM = 25N5N47755;
				INFOPLIST_FILE = GamesDB/Info.plist;
				LD_RUNPATH_SEARCH_PATHS = (
					"$(inherited)",
					"@executable_path/Frameworks",
				);
				PRODUCT_BUNDLE_IDENTIFIER = com.Esaygiver.GamesDB;
				PRODUCT_NAME = "$(TARGET_NAME)";
				SWIFT_VERSION = 5.0;
				TARGETED_DEVICE_FAMILY = "1,2";
			};
			name = Release;
		};
/* End XCBuildConfiguration section */

/* Begin XCConfigurationList section */
		8447F9B725F8C1B900AF1731 /* Build configuration list for PBXProject "GamesDB" */ = {
			isa = XCConfigurationList;
			buildConfigurations = (
				8447F9CE25F8C1BE00AF1731 /* Debug */,
				8447F9CF25F8C1BE00AF1731 /* Release */,
			);
			defaultConfigurationIsVisible = 0;
			defaultConfigurationName = Release;
		};
		8447F9D025F8C1BE00AF1731 /* Build configuration list for PBXNativeTarget "GamesDB" */ = {
			isa = XCConfigurationList;
			buildConfigurations = (
				8447F9D125F8C1BE00AF1731 /* Debug */,
				8447F9D225F8C1BE00AF1731 /* Release */,
			);
			defaultConfigurationIsVisible = 0;
			defaultConfigurationName = Release;
		};
/* End XCConfigurationList section */
	};
	rootObject = 8447F9B425F8C1B900AF1731 /* Project object */;
}
